# THIS IS AN AUTOGENERATED FILE. DO NOT EDIT THIS FILE DIRECTLY.
# yarn lockfile v1


cable_ready@^5.0.5:
  version "5.0.5"
  resolved "https://registry.yarnpkg.com/cable_ready/-/cable_ready-5.0.5.tgz#45dd12ae5b3c5c53a1b42c10785e79ff87a5be22"
  integrity sha512-qPC6zaI8h59BzMH3MxtpuMC+H33VJTA2eVddL6fZSWz01jJ2Y3okld01oYWQoKwE2yle/tvHbyuhoKxD4mhEuw==
  dependencies:
    morphdom "2.6.1"

morphdom@2.6.1:
  version "2.6.1"
  resolved "https://registry.yarnpkg.com/morphdom/-/morphdom-2.6.1.tgz#e868e24f989fa3183004b159aed643e628b4306e"
  integrity sha512-Y8YRbAEP3eKykroIBWrjcfMw7mmwJfjhqdpSvoqinu8Y702nAwikpXcNFDiIkyvfCLxLM9Wu95RZqo4a9jFBaA==
